<?xml version="1.0" encoding="utf-8"?>
<Project ToolsVersion="4.0" xmlns="http://schemas.microsoft.com/developer/msbuild/2003">
  <ItemGroup>
    <Filter Include="Source Files">
      <UniqueIdentifier>{4FC737F1-C7A5-4376-A066-2A32D752A2FF}</UniqueIdentifier>
      <Extensions>cpp;c;cc;cxx;c++;cppm;ixx;def;odl;idl;hpj;bat;asm;asmx</Extensions>
    </Filter>
    <Filter Include="Header Files">
      <UniqueIdentifier>{93995380-89BD-4b04-88EB-625FBE52EBFB}</UniqueIdentifier>
      <Extensions>h;hh;hpp;hxx;h++;hm;inl;inc;ipp;xsd</Extensions>
    </Filter>
    <Filter Include="Resource Files">
      <UniqueIdentifier>{67DA6AB6-F800-4c08-8B7A-83BB121AAD01}</UniqueIdentifier>
      <Extensions>rc;ico;cur;bmp;dlg;rc2;rct;bin;rgs;gif;jpg;jpeg;jpe;resx;tiff;tif;png;wav;mfcribbon-ms</Extensions>
    </Filter>
    <Filter Include="Header Files\dstruct">
      <UniqueIdentifier>{11765efe-bca9-4479-9862-ccbb2080e2cc}</UniqueIdentifier>
    </Filter>
    <Filter Include="Source Files\dstruct">
      <UniqueIdentifier>{beaad60e-1130-47ee-a372-5aa3c795a4bd}</UniqueIdentifier>
    </Filter>
  </ItemGroup>
  <ItemGroup>
    <ClInclude Include="..\include\Noriko\noriko.h">
      <Filter>Header Files</Filter>
    </ClInclude>
    <ClInclude Include="..\include\Noriko\platform.h">
      <Filter>Header Files</Filter>
    </ClInclude>
    <ClInclude Include="..\include\Noriko\def.h">
      <Filter>Header Files</Filter>
    </ClInclude>
    <ClInclude Include="..\include\Noriko\error.h">
      <Filter>Header Files</Filter>
    </ClInclude>
    <ClInclude Include="..\include\Noriko\util.h">
      <Filter>Header Files</Filter>
    </ClInclude>
    <ClInclude Include="..\include\Noriko\alloc.h">
      <Filter>Header Files</Filter>
    </ClInclude>
    <ClInclude Include="..\include\Noriko\dstruct\vector.h">
      <Filter>Header Files\dstruct</Filter>
    </ClInclude>
    <ClInclude Include="..\include\Noriko\sort.h">
      <Filter>Header Files</Filter>
    </ClInclude>
    <ClInclude Include="..\include\Noriko\log.h">
      <Filter>Header Files</Filter>
    </ClInclude>
    <ClInclude Include="..\include\Noriko\timer.h">
      <Filter>Header Files</Filter>
    </ClInclude>
    <ClInclude Include="..\include\Noriko\dstruct\htable.h">
      <Filter>Header Files\dstruct</Filter>
    </ClInclude>
    <ClInclude Include="..\include\Noriko\component.h">
      <Filter>Header Files</Filter>
    </ClInclude>
  </ItemGroup>
  <ItemGroup>
    <ClCompile Include="..\src\Noriko\platform.c">
      <Filter>Source Files</Filter>
    </ClCompile>
    <ClCompile Include="..\src\Noriko\error.c">
      <Filter>Source Files</Filter>
    </ClCompile>
    <ClCompile Include="..\src\Noriko\alloc.c">
      <Filter>Source Files</Filter>
    </ClCompile>
    <ClCompile Include="..\src\Noriko\dstruct\vector.c">
      <Filter>Source Files\dstruct</Filter>
    </ClCompile>
    <ClCompile Include="..\src\Noriko\sort.c">
      <Filter>Source Files</Filter>
    </ClCompile>
    <ClCompile Include="..\src\Noriko\log.c">
      <Filter>Source Files</Filter>
    </ClCompile>
    <ClCompile Include="..\src\Noriko\timer.c">
      <Filter>Source Files</Filter>
    </ClCompile>
    <ClCompile Include="..\src\Noriko\dstruct\htable.c">
      <Filter>Source Files\dstruct</Filter>
    </ClCompile>
    <ClCompile Include="..\src\Noriko\util.c">
      <Filter>Source Files</Filter>
    </ClCompile>
  </ItemGroup>
</Project>