<?xml version="1.0" encoding="utf-8"?>
<Project ToolsVersion="4.0" xmlns="http://schemas.microsoft.com/developer/msbuild/2003">
  <ItemGroup>
    <Filter Include="Source Files">
      <UniqueIdentifier>{4FC737F1-C7A5-4376-A066-2A32D752A2FF}</UniqueIdentifier>
      <Extensions>cpp;c;cc;cxx;c++;cppm;ixx;def;odl;idl;hpj;bat;asm;asmx</Extensions>
    </Filter>
    <Filter Include="Header Files">
      <UniqueIdentifier>{93995380-89BD-4b04-88EB-625FBE52EBFB}</UniqueIdentifier>
      <Extensions>h;hh;hpp;hxx;h++;hm;inl;inc;ipp;xsd</Extensions>
    </Filter>
    <Filter Include="Resource Files">
      <UniqueIdentifier>{67DA6AB6-F800-4c08-8B7A-83BB121AAD01}</UniqueIdentifier>
      <Extensions>rc;ico;cur;bmp;dlg;rc2;rct;bin;rgs;gif;jpg;jpeg;jpe;resx;tiff;tif;png;wav;mfcribbon-ms</Extensions>
    </Filter>
    <Filter Include="Header Files\dstruct">
      <UniqueIdentifier>{11765efe-bca9-4479-9862-ccbb2080e2cc}</UniqueIdentifier>
    </Filter>
    <Filter Include="Source Files\dstruct">
      <UniqueIdentifier>{beaad60e-1130-47ee-a372-5aa3c795a4bd}</UniqueIdentifier>
    </Filter>
    <Filter Include="Source Files\platform">
      <UniqueIdentifier>{40c91401-f568-4123-9b21-da3e05573e57}</UniqueIdentifier>
    </Filter>
    <Filter Include="Source Files\platform\windows">
      <UniqueIdentifier>{0c5525fc-3d3f-43eb-bc11-980338318644}</UniqueIdentifier>
    </Filter>
  </ItemGroup>
  <ItemGroup>
    <ClInclude Include="..\include\Noriko\noriko.h">
      <Filter>Header Files</Filter>
    </ClInclude>
    <ClInclude Include="..\include\Noriko\platform.h">
      <Filter>Header Files</Filter>
    </ClInclude>
    <ClInclude Include="..\include\Noriko\def.h">
      <Filter>Header Files</Filter>
    </ClInclude>
    <ClInclude Include="..\include\Noriko\error.h">
      <Filter>Header Files</Filter>
    </ClInclude>
    <ClInclude Include="..\include\Noriko\util.h">
      <Filter>Header Files</Filter>
    </ClInclude>
    <ClInclude Include="..\include\Noriko\alloc.h">
      <Filter>Header Files</Filter>
    </ClInclude>
    <ClInclude Include="..\include\Noriko\dstruct\vector.h">
      <Filter>Header Files\dstruct</Filter>
    </ClInclude>
    <ClInclude Include="..\include\Noriko\sort.h">
      <Filter>Header Files</Filter>
    </ClInclude>
    <ClInclude Include="..\include\Noriko\log.h">
      <Filter>Header Files</Filter>
    </ClInclude>
    <ClInclude Include="..\include\Noriko\timer.h">
      <Filter>Header Files</Filter>
    </ClInclude>
    <ClInclude Include="..\include\Noriko\dstruct\htable.h">
      <Filter>Header Files\dstruct</Filter>
    </ClInclude>
    <ClInclude Include="..\include\Noriko\env.h">
      <Filter>Header Files</Filter>
    </ClInclude>
    <ClInclude Include="..\include\Noriko\nkom.h">
      <Filter>Header Files</Filter>
    </ClInclude>
    <ClInclude Include="..\include\Noriko\layer.h">
      <Filter>Header Files</Filter>
    </ClInclude>
    <ClInclude Include="..\include\Noriko\event.h">
      <Filter>Header Files</Filter>
    </ClInclude>
    <ClInclude Include="..\include\Noriko\window.h">
      <Filter>Header Files</Filter>
    </ClInclude>
    <ClInclude Include="..\include\Noriko\helpers.h">
      <Filter>Header Files</Filter>
    </ClInclude>
    <ClInclude Include="..\include\Noriko\renderer.h">
      <Filter>Header Files</Filter>
    </ClInclude>
    <ClInclude Include="..\include\Noriko\bmp.h">
      <Filter>Header Files</Filter>
    </ClInclude>
    <ClInclude Include="..\include\Noriko\world.h">
      <Filter>Header Files</Filter>
    </ClInclude>
    <ClInclude Include="..\include\Noriko\input.h">
      <Filter>Header Files</Filter>
    </ClInclude>
    <ClInclude Include="..\include\Noriko\asset.h">
      <Filter>Header Files</Filter>
    </ClInclude>
    <ClInclude Include="..\include\Noriko\dstruct\string.h">
      <Filter>Header Files\dstruct</Filter>
    </ClInclude>
    <ClInclude Include="..\include\Noriko\path.h">
      <Filter>Header Files</Filter>
    </ClInclude>
  </ItemGroup>
  <ItemGroup>
    <ClCompile Include="..\src\Noriko\platform.c">
      <Filter>Source Files</Filter>
    </ClCompile>
    <ClCompile Include="..\src\Noriko\error.c">
      <Filter>Source Files</Filter>
    </ClCompile>
    <ClCompile Include="..\src\Noriko\alloc.c">
      <Filter>Source Files</Filter>
    </ClCompile>
    <ClCompile Include="..\src\Noriko\dstruct\vector.c">
      <Filter>Source Files\dstruct</Filter>
    </ClCompile>
    <ClCompile Include="..\src\Noriko\sort.c">
      <Filter>Source Files</Filter>
    </ClCompile>
    <ClCompile Include="..\src\Noriko\log.c">
      <Filter>Source Files</Filter>
    </ClCompile>
    <ClCompile Include="..\src\Noriko\timer.c">
      <Filter>Source Files</Filter>
    </ClCompile>
    <ClCompile Include="..\src\Noriko\dstruct\htable.c">
      <Filter>Source Files\dstruct</Filter>
    </ClCompile>
    <ClCompile Include="..\src\Noriko\util.c">
      <Filter>Source Files</Filter>
    </ClCompile>
    <ClCompile Include="..\src\Noriko\env.c">
      <Filter>Source Files</Filter>
    </ClCompile>
    <ClCompile Include="..\src\Noriko\nkom.c">
      <Filter>Source Files</Filter>
    </ClCompile>
    <ClCompile Include="..\src\Noriko\event.c">
      <Filter>Source Files</Filter>
    </ClCompile>
    <ClCompile Include="..\src\Noriko\layer.c">
      <Filter>Source Files</Filter>
    </ClCompile>
    <ClCompile Include="..\src\Noriko\application.c">
      <Filter>Source Files</Filter>
    </ClCompile>
    <ClCompile Include="..\src\Noriko\window.c">
      <Filter>Source Files</Filter>
    </ClCompile>
    <ClCompile Include="..\src\Noriko\platform\windows\winwindow.c">
      <Filter>Source Files\platform\windows</Filter>
    </ClCompile>
    <ClCompile Include="..\src\Noriko\platform\windows\winhelpers.c">
      <Filter>Source Files\platform\windows</Filter>
    </ClCompile>
    <ClCompile Include="..\src\Noriko\platform\windows\wingdi.c">
      <Filter>Source Files\platform\windows</Filter>
    </ClCompile>
    <ClCompile Include="..\src\Noriko\renderer.c">
      <Filter>Source Files</Filter>
    </ClCompile>
    <ClCompile Include="..\src\Noriko\bmp.c">
      <Filter>Source Files</Filter>
    </ClCompile>
    <ClCompile Include="..\src\Noriko\world.c">
      <Filter>Source Files</Filter>
    </ClCompile>
    <ClCompile Include="..\src\Noriko\platform\windows\wininput.c">
      <Filter>Source Files\platform\windows</Filter>
    </ClCompile>
    <ClCompile Include="..\src\Noriko\input.c">
      <Filter>Source Files</Filter>
    </ClCompile>
    <ClCompile Include="..\src\Noriko\platform\windows\winpath.c">
      <Filter>Source Files\platform\windows</Filter>
    </ClCompile>
    <ClCompile Include="..\src\Noriko\path.c">
      <Filter>Source Files</Filter>
    </ClCompile>
    <ClCompile Include="..\src\Noriko\dstruct\string.c">
      <Filter>Source Files\dstruct</Filter>
    </ClCompile>
    <ClCompile Include="..\src\Noriko\platform\windows\winloop.c">
      <Filter>Source Files\platform\windows</Filter>
    </ClCompile>
    <ClCompile Include="..\src\Noriko\platform\windows\wintimer.c">
      <Filter>Source Files\platform\windows</Filter>
    </ClCompile>
  </ItemGroup>
</Project>